<?xml version="1.0" encoding="utf-8"?>
<Project ToolsVersion="4.0" xmlns="http://schemas.microsoft.com/developer/msbuild/2003">
  <ItemGroup>
    <ClCompile Include="zlib\adler32.c">
      <Filter>Libraries\zlib</Filter>
    </ClCompile>
    <ClCompile Include="botlib\be_aas_bspq3.cpp">
      <Filter>Libraries\botlib</Filter>
    </ClCompile>
    <ClCompile Include="botlib\be_aas_cluster.cpp">
      <Filter>Libraries\botlib</Filter>
    </ClCompile>
    <ClCompile Include="botlib\be_aas_debug.cpp">
      <Filter>Libraries\botlib</Filter>
    </ClCompile>
    <ClCompile Include="botlib\be_aas_entity.cpp">
      <Filter>Libraries\botlib</Filter>
    </ClCompile>
    <ClCompile Include="botlib\be_aas_file.cpp">
      <Filter>Libraries\botlib</Filter>
    </ClCompile>
    <ClCompile Include="botlib\be_aas_main.cpp">
      <Filter>Libraries\botlib</Filter>
    </ClCompile>
    <ClCompile Include="botlib\be_aas_move.cpp">
      <Filter>Libraries\botlib</Filter>
    </ClCompile>
    <ClCompile Include="botlib\be_aas_optimize.cpp">
      <Filter>Libraries\botlib</Filter>
    </ClCompile>
    <ClCompile Include="botlib\be_aas_reach.cpp">
      <Filter>Libraries\botlib</Filter>
    </ClCompile>
    <ClCompile Include="botlib\be_aas_route.cpp">
      <Filter>Libraries\botlib</Filter>
    </ClCompile>
    <ClCompile Include="botlib\be_aas_routealt.cpp">
      <Filter>Libraries\botlib</Filter>
    </ClCompile>
    <ClCompile Include="botlib\be_aas_sample.cpp">
      <Filter>Libraries\botlib</Filter>
    </ClCompile>
    <ClCompile Include="botlib\be_ai_char.cpp">
      <Filter>Libraries\botlib</Filter>
    </ClCompile>
    <ClCompile Include="botlib\be_ai_chat.cpp">
      <Filter>Libraries\botlib</Filter>
    </ClCompile>
    <ClCompile Include="botlib\be_ai_gen.cpp">
      <Filter>Libraries\botlib</Filter>
    </ClCompile>
    <ClCompile Include="botlib\be_ai_goal.cpp">
      <Filter>Libraries\botlib</Filter>
    </ClCompile>
    <ClCompile Include="botlib\be_ai_move.cpp">
      <Filter>Libraries\botlib</Filter>
    </ClCompile>
    <ClCompile Include="botlib\be_ai_weap.cpp">
      <Filter>Libraries\botlib</Filter>
    </ClCompile>
    <ClCompile Include="botlib\be_ai_weight.cpp">
      <Filter>Libraries\botlib</Filter>
    </ClCompile>
    <ClCompile Include="botlib\be_ea.cpp">
      <Filter>Libraries\botlib</Filter>
    </ClCompile>
    <ClCompile Include="botlib\be_interface.cpp">
      <Filter>Libraries\botlib</Filter>
    </ClCompile>
    <ClCompile Include="icarus\BlockStream.cpp">
      <Filter>Libraries\ICARUS</Filter>
    </ClCompile>
    <ClCompile Include="client\cl_avi.cpp">
      <Filter>Client</Filter>
    </ClCompile>
    <ClCompile Include="client\cl_cgame.cpp">
      <Filter>Client</Filter>
    </ClCompile>
    <ClCompile Include="client\cl_cin.cpp">
      <Filter>Client</Filter>
    </ClCompile>
    <ClCompile Include="client\cl_console.cpp">
      <Filter>Client</Filter>
    </ClCompile>
    <ClCompile Include="client\cl_input.cpp">
      <Filter>Client</Filter>
    </ClCompile>
    <ClCompile Include="client\cl_keys.cpp">
      <Filter>Client</Filter>
    </ClCompile>
    <ClCompile Include="client\cl_main.cpp">
      <Filter>Client</Filter>
    </ClCompile>
    <ClCompile Include="client\cl_net_chan.cpp">
      <Filter>Client</Filter>
    </ClCompile>
    <ClCompile Include="client\cl_parse.cpp">
      <Filter>Client</Filter>
    </ClCompile>
    <ClCompile Include="client\cl_scrn.cpp">
      <Filter>Client</Filter>
    </ClCompile>
    <ClCompile Include="client\cl_ui.cpp">
      <Filter>Client</Filter>
    </ClCompile>
    <ClCompile Include="qcommon\cm_draw.cpp">
      <Filter>QCommon</Filter>
    </ClCompile>
    <ClCompile Include="qcommon\cmd_pc.cpp">
      <Filter>QCommon</Filter>
    </ClCompile>
    <ClCompile Include="qcommon\cm_load.cpp">
      <Filter>QCommon</Filter>
    </ClCompile>
    <ClCompile Include="qcommon\cm_patch.cpp">
      <Filter>QCommon</Filter>
    </ClCompile>
    <ClCompile Include="qcommon\cm_polylib.cpp">
      <Filter>QCommon</Filter>
    </ClCompile>
    <ClCompile Include="qcommon\cm_randomterrain.cpp">
      <Filter>QCommon</Filter>
    </ClCompile>
    <ClCompile Include="qcommon\cm_shader.cpp">
      <Filter>QCommon</Filter>
    </ClCompile>
    <ClCompile Include="qcommon\cm_terrain.cpp">
      <Filter>QCommon</Filter>
    </ClCompile>
    <ClCompile Include="qcommon\cm_terrainmap.cpp">
      <Filter>QCommon</Filter>
    </ClCompile>
    <ClCompile Include="qcommon\cm_test.cpp">
      <Filter>QCommon</Filter>
    </ClCompile>
    <ClCompile Include="qcommon\cm_trace.cpp">
      <Filter>QCommon</Filter>
    </ClCompile>
    <ClCompile Include="qcommon\cmd_common.cpp">
      <Filter>QCommon</Filter>
    </ClCompile>
    <ClCompile Include="zlib\compress.c">
      <Filter>Libraries\zlib</Filter>
    </ClCompile>
    <ClCompile Include="qcommon\CNetProfile.cpp">
      <Filter>QCommon</Filter>
    </ClCompile>
    <ClCompile Include="qcommon\common.cpp">
      <Filter>QCommon</Filter>
    </ClCompile>
    <ClCompile Include="zlib\crc32.c">
      <Filter>Libraries\zlib</Filter>
    </ClCompile>
    <ClCompile Include="qcommon\cvar.cpp">
      <Filter>QCommon</Filter>
    </ClCompile>
    <ClCompile Include="zlib\deflate.c">
      <Filter>Libraries\zlib</Filter>
    </ClCompile>
    <ClCompile Include="qcommon\exe_headers.cpp">
      <Filter>QCommon</Filter>
    </ClCompile>
    <ClCompile Include="qcommon\files_pc.cpp">
      <Filter>QCommon</Filter>
    </ClCompile>
    <ClCompile Include="qcommon\files_common.cpp">
      <Filter>QCommon</Filter>
    </ClCompile>
    <ClCompile Include="client\FXExport.cpp">
      <Filter>FX</Filter>
    </ClCompile>
    <ClCompile Include="client\FxPrimitives.cpp">
      <Filter>FX</Filter>
    </ClCompile>
    <ClCompile Include="client\FxScheduler.cpp">
      <Filter>FX</Filter>
    </ClCompile>
    <ClCompile Include="client\FxSystem.cpp">
      <Filter>FX</Filter>
    </ClCompile>
    <ClCompile Include="client\FxTemplate.cpp">
      <Filter>FX</Filter>
    </ClCompile>
    <ClCompile Include="client\FxUtil.cpp">
      <Filter>FX</Filter>
    </ClCompile>
    <ClCompile Include="server\NPCNav\gameCallbacks.cpp">
      <Filter>Server\NPCNav</Filter>
    </ClCompile>
    <ClCompile Include="icarus\GameInterface.cpp">
      <Filter>Libraries\ICARUS</Filter>
    </ClCompile>
    <ClCompile Include="qcommon\GenericParser2.cpp">
      <Filter>Libraries\ICARUS</Filter>
    </ClCompile>
    <ClCompile Include="qcommon\hstring.cpp">
      <Filter>QCommon</Filter>
    </ClCompile>
    <ClCompile Include="qcommon\huffman.cpp">
      <Filter>QCommon</Filter>
    </ClCompile>
    <ClCompile Include="zlib\gzclose.c">
      <Filter>Libraries\zlib</Filter>
    </ClCompile>
    <ClCompile Include="zlib\gzwrite.c">
      <Filter>Libraries\zlib</Filter>
    </ClCompile>
    <ClCompile Include="zlib\gzlib.c">
      <Filter>Libraries\zlib</Filter>
    </ClCompile>
    <ClCompile Include="zlib\gzread.c">
      <Filter>Libraries\zlib</Filter>
    </ClCompile>
    <ClCompile Include="zlib\infback.c">
      <Filter>Libraries\zlib</Filter>
    </ClCompile>
    <ClCompile Include="zlib\inffast.c">
      <Filter>Libraries\zlib</Filter>
    </ClCompile>
    <ClCompile Include="zlib\inflate.c">
      <Filter>Libraries\zlib</Filter>
    </ClCompile>
    <ClCompile Include="zlib\inftrees.c">
      <Filter>Libraries\zlib</Filter>
    </ClCompile>
    <ClCompile Include="icarus\Instance.cpp">
      <Filter>Libraries\ICARUS</Filter>
    </ClCompile>
    <ClCompile Include="icarus\Interface.cpp">
      <Filter>Libraries\ICARUS</Filter>
    </ClCompile>
    <ClCompile Include="botlib\l_crc.cpp">
      <Filter>Libraries\botlib</Filter>
    </ClCompile>
    <ClCompile Include="botlib\l_libvar.cpp">
      <Filter>Libraries\botlib</Filter>
    </ClCompile>
    <ClCompile Include="botlib\l_log.cpp">
      <Filter>Libraries\botlib</Filter>
    </ClCompile>
    <ClCompile Include="botlib\l_memory.cpp">
      <Filter>Libraries\botlib</Filter>
    </ClCompile>
    <ClCompile Include="botlib\l_precomp.cpp">
      <Filter>Libraries\botlib</Filter>
    </ClCompile>
    <ClCompile Include="botlib\l_script.cpp">
      <Filter>Libraries\botlib</Filter>
    </ClCompile>
    <ClCompile Include="botlib\l_struct.cpp">
      <Filter>Libraries\botlib</Filter>
    </ClCompile>
    <ClCompile Include="qcommon\matcomp.cpp">
      <Filter>QCommon</Filter>
    </ClCompile>
    <ClCompile Include="qcommon\md4.cpp">
      <Filter>QCommon</Filter>
    </ClCompile>
    <ClCompile Include="zlib\ioapi.c">
      <Filter>Libraries\zlib</Filter>
    </ClCompile>
    <ClCompile Include="icarus\Memory.cpp">
      <Filter>Libraries\ICARUS</Filter>
    </ClCompile>
    <ClCompile Include="server\NPCNav\navigator.cpp">
      <Filter>Server\NPCNav</Filter>
    </ClCompile>
    <ClCompile Include="qcommon\msg.cpp">
      <Filter>QCommon</Filter>
    </ClCompile>
    <ClCompile Include="qcommon\net_chan.cpp">
      <Filter>QCommon</Filter>
    </ClCompile>
    <ClCompile Include="icarus\Q3_Interface.cpp">
      <Filter>Libraries\ICARUS</Filter>
    </ClCompile>
    <ClCompile Include="icarus\Q3_Registers.cpp">
      <Filter>Libraries\ICARUS</Filter>
    </ClCompile>
    <ClCompile Include="RMG\RM_Area.cpp">
      <Filter>RMG</Filter>
    </ClCompile>
    <ClCompile Include="RMG\RM_Instance.cpp">
      <Filter>RMG</Filter>
    </ClCompile>
    <ClCompile Include="RMG\RM_Instance_BSP.cpp">
      <Filter>RMG</Filter>
    </ClCompile>
    <ClCompile Include="RMG\RM_Instance_Group.cpp">
      <Filter>RMG</Filter>
    </ClCompile>
    <ClCompile Include="RMG\RM_Instance_Random.cpp">
      <Filter>RMG</Filter>
    </ClCompile>
    <ClCompile Include="RMG\RM_Instance_Void.cpp">
      <Filter>RMG</Filter>
    </ClCompile>
    <ClCompile Include="RMG\RM_InstanceFile.cpp">
      <Filter>RMG</Filter>
    </ClCompile>
    <ClCompile Include="RMG\RM_Manager.cpp">
      <Filter>RMG</Filter>
    </ClCompile>
    <ClCompile Include="RMG\RM_Mission.cpp">
      <Filter>RMG</Filter>
    </ClCompile>
    <ClCompile Include="RMG\RM_Objective.cpp">
      <Filter>RMG</Filter>
    </ClCompile>
    <ClCompile Include="RMG\RM_Path.cpp">
      <Filter>RMG</Filter>
    </ClCompile>
    <ClCompile Include="RMG\RM_Terrain.cpp">
      <Filter>RMG</Filter>
    </ClCompile>
    <ClCompile Include="qcommon\q_math.cpp">
      <Filter>QCommon</Filter>
    </ClCompile>
    <ClCompile Include="qcommon\q_shared.cpp">
      <Filter>QCommon</Filter>
    </ClCompile>
    <ClCompile Include="qcommon\RoffSystem.cpp">
      <Filter>QCommon</Filter>
    </ClCompile>
    <ClCompile Include="sys\snapvector.cpp">
      <Filter>Sys</Filter>
    </ClCompile>
    <ClCompile Include="icarus\Sequence.cpp">
      <Filter>Libraries\ICARUS</Filter>
    </ClCompile>
    <ClCompile Include="icarus\Sequencer.cpp">
      <Filter>Libraries\ICARUS</Filter>
    </ClCompile>
    <ClCompile Include="client\snd_ambient.cpp">
      <Filter>Client</Filter>
    </ClCompile>
    <ClCompile Include="client\snd_dma.cpp">
      <Filter>Client</Filter>
    </ClCompile>
    <ClCompile Include="client\snd_mem.cpp">
      <Filter>Client</Filter>
    </ClCompile>
    <ClCompile Include="client\snd_mix.cpp">
      <Filter>Client</Filter>
    </ClCompile>
    <ClCompile Include="client\snd_mp3.cpp">
      <Filter>Client</Filter>
    </ClCompile>
    <ClCompile Include="client\snd_music.cpp">
      <Filter>Client</Filter>
    </ClCompile>
    <ClCompile Include="qcommon\stringed_ingame.cpp">
      <Filter>QCommon</Filter>
    </ClCompile>
    <ClCompile Include="qcommon\stringed_interface.cpp">
      <Filter>QCommon</Filter>
    </ClCompile>
    <ClCompile Include="server\sv_bot.cpp">
      <Filter>Server</Filter>
    </ClCompile>
    <ClCompile Include="server\sv_world.cpp">
      <Filter>Server</Filter>
    </ClCompile>
    <ClCompile Include="server\sv_ccmds.cpp">
      <Filter>Server</Filter>
    </ClCompile>
    <ClCompile Include="server\sv_client.cpp">
      <Filter>Server</Filter>
    </ClCompile>
    <ClCompile Include="server\sv_game.cpp">
      <Filter>Server</Filter>
    </ClCompile>
    <ClCompile Include="server\sv_init.cpp">
      <Filter>Server</Filter>
    </ClCompile>
    <ClCompile Include="server\sv_main.cpp">
      <Filter>Server</Filter>
    </ClCompile>
    <ClCompile Include="server\sv_net_chan.cpp">
      <Filter>Server</Filter>
    </ClCompile>
    <ClCompile Include="server\sv_snapshot.cpp">
      <Filter>Server</Filter>
    </ClCompile>
    <ClCompile Include="zlib\trees.c">
      <Filter>Libraries\zlib</Filter>
    </ClCompile>
    <ClCompile Include="zlib\uncompr.c">
      <Filter>Libraries\zlib</Filter>
    </ClCompile>
    <ClCompile Include="win32\win_input.cpp">
      <Filter>win32</Filter>
    </ClCompile>
    <ClCompile Include="win32\win_wndproc.cpp">
      <Filter>win32</Filter>
    </ClCompile>
    <ClCompile Include="win32\win_main.cpp">
      <Filter>win32</Filter>
    </ClCompile>
    <ClCompile Include="win32\win_net.cpp">
      <Filter>win32</Filter>
    </ClCompile>
    <ClCompile Include="win32\win_shared.cpp">
      <Filter>win32</Filter>
    </ClCompile>
    <ClCompile Include="win32\win_snd.cpp">
      <Filter>win32</Filter>
    </ClCompile>
    <ClCompile Include="win32\win_syscon.cpp">
      <Filter>win32</Filter>
    </ClCompile>
    <ClCompile Include="zlib\zutil.c">
      <Filter>Libraries\zlib</Filter>
    </ClCompile>
    <ClCompile Include="icarus\TaskManager.cpp">
      <Filter>Libraries\ICARUS</Filter>
    </ClCompile>
    <ClCompile Include="qcommon\unzip.cpp">
      <Filter>QCommon</Filter>
    </ClCompile>
    <ClCompile Include="qcommon\z_memman_pc.cpp">
      <Filter>QCommon</Filter>
    </ClCompile>
    <ClCompile Include="qcommon\vm.cpp">
      <Filter>QCommon</Filter>
    </ClCompile>
    <ClCompile Include="qcommon\vm_interpreted.cpp">
      <Filter>QCommon</Filter>
    </ClCompile>
    <ClCompile Include="qcommon\vm_x86.cpp">
      <Filter>QCommon</Filter>
    </ClCompile>
    <ClCompile Include="libraries\mp3code\cdct.c">
      <Filter>Libraries\mp3code</Filter>
    </ClCompile>
    <ClCompile Include="libraries\mp3code\csbt.c">
      <Filter>Libraries\mp3code</Filter>
    </ClCompile>
    <ClCompile Include="libraries\mp3code\csbtb.c">
      <Filter>Libraries\mp3code</Filter>
    </ClCompile>
    <ClCompile Include="libraries\mp3code\csbtl3.c">
      <Filter>Libraries\mp3code</Filter>
    </ClCompile>
    <ClCompile Include="libraries\mp3code\cup.c">
      <Filter>Libraries\mp3code</Filter>
    </ClCompile>
    <ClCompile Include="libraries\mp3code\cupini.c">
      <Filter>Libraries\mp3code</Filter>
    </ClCompile>
    <ClCompile Include="libraries\mp3code\cupl1.c">
      <Filter>Libraries\mp3code</Filter>
    </ClCompile>
    <ClCompile Include="libraries\mp3code\cupl3.c">
      <Filter>Libraries\mp3code</Filter>
    </ClCompile>
    <ClCompile Include="libraries\mp3code\cwin.c">
      <Filter>Libraries\mp3code</Filter>
    </ClCompile>
    <ClCompile Include="libraries\mp3code\cwinb.c">
      <Filter>Libraries\mp3code</Filter>
    </ClCompile>
    <ClCompile Include="libraries\mp3code\cwinm.c">
      <Filter>Libraries\mp3code</Filter>
    </ClCompile>
    <ClCompile Include="libraries\mp3code\hwin.c">
      <Filter>Libraries\mp3code</Filter>
    </ClCompile>
    <ClCompile Include="libraries\mp3code\l3dq.c">
      <Filter>Libraries\mp3code</Filter>
    </ClCompile>
    <ClCompile Include="libraries\mp3code\l3init.c">
      <Filter>Libraries\mp3code</Filter>
    </ClCompile>
    <ClCompile Include="libraries\mp3code\mdct.c">
      <Filter>Libraries\mp3code</Filter>
    </ClCompile>
    <ClCompile Include="libraries\mp3code\mhead.c">
      <Filter>Libraries\mp3code</Filter>
    </ClCompile>
    <ClCompile Include="libraries\mp3code\msis.c">
      <Filter>Libraries\mp3code</Filter>
    </ClCompile>
    <ClCompile Include="libraries\mp3code\towave.c">
      <Filter>Libraries\mp3code</Filter>
    </ClCompile>
    <ClCompile Include="libraries\mp3code\uph.c">
      <Filter>Libraries\mp3code</Filter>
    </ClCompile>
    <ClCompile Include="libraries\mp3code\upsf.c">
      <Filter>Libraries\mp3code</Filter>
    </ClCompile>
    <ClCompile Include="libraries\mp3code\wavep.c">
      <Filter>Libraries\mp3code</Filter>
    </ClCompile>
  </ItemGroup>
  <ItemGroup>
    <ClInclude Include="botlib\aasfile.h">
      <Filter>Libraries\botlib</Filter>
    </ClInclude>
    <ClInclude Include="client\OpenAL\al.h">
      <Filter>Libraries\OpenAL</Filter>
    </ClInclude>
    <ClInclude Include="client\OpenAL\alut.h">
      <Filter>Libraries\OpenAL</Filter>
    </ClInclude>
    <ClInclude Include="client\OpenAL\alc.h">
      <Filter>Libraries\OpenAL</Filter>
    </ClInclude>
    <ClInclude Include="client\OpenAL\alctypes.h">
      <Filter>Libraries\OpenAL</Filter>
    </ClInclude>
    <ClInclude Include="client\OpenAL\altypes.h">
      <Filter>Libraries\OpenAL</Filter>
    </ClInclude>
    <ClInclude Include="client\OpenAL\alu.h">
      <Filter>Libraries\OpenAL</Filter>
    </ClInclude>
    <ClInclude Include="botlib\be_aas_bsp.h">
      <Filter>Libraries\botlib</Filter>
    </ClInclude>
    <ClInclude Include="botlib\be_interface.h">
      <Filter>Libraries\botlib</Filter>
    </ClInclude>
    <ClInclude Include="botlib\be_aas_cluster.h">
      <Filter>Libraries\botlib</Filter>
    </ClInclude>
    <ClInclude Include="botlib\be_aas_debug.h">
      <Filter>Libraries\botlib</Filter>
    </ClInclude>
    <ClInclude Include="botlib\be_aas_def.h">
      <Filter>Libraries\botlib</Filter>
    </ClInclude>
    <ClInclude Include="botlib\be_aas_entity.h">
      <Filter>Libraries\botlib</Filter>
    </ClInclude>
    <ClInclude Include="botlib\be_aas_file.h">
      <Filter>Libraries\botlib</Filter>
    </ClInclude>
    <ClInclude Include="botlib\be_aas_funcs.h">
      <Filter>Libraries\botlib</Filter>
    </ClInclude>
    <ClInclude Include="botlib\be_aas_main.h">
      <Filter>Libraries\botlib</Filter>
    </ClInclude>
    <ClInclude Include="botlib\be_aas_move.h">
      <Filter>Libraries\botlib</Filter>
    </ClInclude>
    <ClInclude Include="botlib\be_aas_optimize.h">
      <Filter>Libraries\botlib</Filter>
    </ClInclude>
    <ClInclude Include="botlib\be_aas_reach.h">
      <Filter>Libraries\botlib</Filter>
    </ClInclude>
    <ClInclude Include="botlib\be_aas_route.h">
      <Filter>Libraries\botlib</Filter>
    </ClInclude>
    <ClInclude Include="botlib\be_aas_routealt.h">
      <Filter>Libraries\botlib</Filter>
    </ClInclude>
    <ClInclude Include="botlib\be_aas_sample.h">
      <Filter>Libraries\botlib</Filter>
    </ClInclude>
    <ClInclude Include="botlib\be_ai_weight.h">
      <Filter>Libraries\botlib</Filter>
    </ClInclude>
    <ClInclude Include="icarus\blockstream.h">
      <Filter>Libraries\ICARUS</Filter>
    </ClInclude>
    <ClInclude Include="game\botlib.h">
      <Filter>Libraries\botlib</Filter>
    </ClInclude>
    <ClInclude Include="Ratl\bits_vs.h">
      <Filter>Libraries\Ratl</Filter>
    </ClInclude>
    <ClInclude Include="client\client.h">
      <Filter>Client</Filter>
    </ClInclude>
    <ClInclude Include="qcommon\cm_draw.h">
      <Filter>QCommon</Filter>
    </ClInclude>
    <ClInclude Include="qcommon\cm_landscape.h">
      <Filter>QCommon</Filter>
    </ClInclude>
    <ClInclude Include="qcommon\cm_local.h">
      <Filter>QCommon</Filter>
    </ClInclude>
    <ClInclude Include="qcommon\cm_patch.h">
      <Filter>QCommon</Filter>
    </ClInclude>
    <ClInclude Include="qcommon\cm_polylib.h">
      <Filter>QCommon</Filter>
    </ClInclude>
    <ClInclude Include="qcommon\cm_public.h">
      <Filter>QCommon</Filter>
    </ClInclude>
    <ClInclude Include="qcommon\cm_randomterrain.h">
      <Filter>QCommon</Filter>
    </ClInclude>
    <ClInclude Include="qcommon\cm_terrainmap.h">
      <Filter>QCommon</Filter>
    </ClInclude>
    <ClInclude Include="qcommon\chash.h">
      <Filter>QCommon</Filter>
    </ClInclude>
    <ClInclude Include="zlib\crc32.h">
      <Filter>Libraries\zlib</Filter>
    </ClInclude>
    <ClInclude Include="Ravl\CVec.h">
      <Filter>Libraries\Ravl</Filter>
    </ClInclude>
    <ClInclude Include="zlib\deflate.h">
      <Filter>Libraries\zlib</Filter>
    </ClInclude>
    <ClInclude Include="client\eax\eax.h">
      <Filter>Libraries\EAX</Filter>
    </ClInclude>
    <ClInclude Include="client\eax\EaxMan.h">
      <Filter>Libraries\EAX</Filter>
    </ClInclude>
    <ClInclude Include="qcommon\exe_headers.h">
      <Filter>QCommon</Filter>
    </ClInclude>
    <ClInclude Include="qcommon\files.h">
      <Filter>QCommon</Filter>
    </ClInclude>
    <ClInclude Include="client\FxUtil.h">
      <Filter>FX</Filter>
    </ClInclude>
    <ClInclude Include="client\FXExport.h">
      <Filter>FX</Filter>
    </ClInclude>
    <ClInclude Include="client\FxPrimitives.h">
      <Filter>FX</Filter>
    </ClInclude>
    <ClInclude Include="client\FxScheduler.h">
      <Filter>FX</Filter>
    </ClInclude>
    <ClInclude Include="client\FxSystem.h">
      <Filter>FX</Filter>
    </ClInclude>
    <ClInclude Include="ghoul2\G2.h">
      <Filter>Libraries\GHOUL2</Filter>
    </ClInclude>
    <ClInclude Include="ghoul2\G2_gore.h">
      <Filter>Libraries\GHOUL2</Filter>
    </ClInclude>
    <ClInclude Include="qcommon\game_version.h">
      <Filter>QCommon</Filter>
    </ClInclude>
    <ClInclude Include="qcommon\disablewarnings.h">
      <Filter>QCommon</Filter>
    </ClInclude>
    <ClInclude Include="qcommon\GenericParser2.h">
      <Filter>Libraries\ICARUS</Filter>
    </ClInclude>
    <ClInclude Include="icarus\GameInterface.h">
      <Filter>Libraries\ICARUS</Filter>
    </ClInclude>
    <ClInclude Include="ghoul2\ghoul2_shared.h">
      <Filter>Libraries\GHOUL2</Filter>
    </ClInclude>
    <ClInclude Include="win32\glw_win.h">
      <Filter>win32</Filter>
    </ClInclude>
    <ClInclude Include="qcommon\hstring.h">
      <Filter>QCommon</Filter>
    </ClInclude>
    <ClInclude Include="zlib\gzguts.h">
      <Filter>Libraries\zlib</Filter>
    </ClInclude>
    <ClInclude Include="qcommon\INetProfile.h">
      <Filter>QCommon</Filter>
    </ClInclude>
    <ClInclude Include="icarus\icarus.h">
      <Filter>Libraries\ICARUS</Filter>
    </ClInclude>
    <ClInclude Include="zlib\inftrees.h">
      <Filter>Libraries\zlib</Filter>
    </ClInclude>
    <ClInclude Include="zlib\inffast.h">
      <Filter>Libraries\zlib</Filter>
    </ClInclude>
    <ClInclude Include="zlib\inffixed.h">
      <Filter>Libraries\zlib</Filter>
    </ClInclude>
    <ClInclude Include="zlib\inflate.h">
      <Filter>Libraries\zlib</Filter>
    </ClInclude>
    <ClInclude Include="icarus\interpreter.h">
      <Filter>Libraries\ICARUS</Filter>
    </ClInclude>
    <ClInclude Include="icarus\instance.h">
      <Filter>Libraries\ICARUS</Filter>
    </ClInclude>
    <ClInclude Include="icarus\interface.h">
      <Filter>Libraries\ICARUS</Filter>
    </ClInclude>
    <ClInclude Include="client\keys.h">
      <Filter>Client</Filter>
    </ClInclude>
    <ClInclude Include="botlib\l_utils.h">
      <Filter>Libraries\botlib</Filter>
    </ClInclude>
    <ClInclude Include="botlib\l_crc.h">
      <Filter>Libraries\botlib</Filter>
    </ClInclude>
    <ClInclude Include="botlib\l_libvar.h">
      <Filter>Libraries\botlib</Filter>
    </ClInclude>
    <ClInclude Include="botlib\l_log.h">
      <Filter>Libraries\botlib</Filter>
    </ClInclude>
    <ClInclude Include="botlib\l_memory.h">
      <Filter>Libraries\botlib</Filter>
    </ClInclude>
    <ClInclude Include="botlib\l_precomp.h">
      <Filter>Libraries\botlib</Filter>
    </ClInclude>
    <ClInclude Include="botlib\l_script.h">
      <Filter>Libraries\botlib</Filter>
    </ClInclude>
    <ClInclude Include="botlib\l_struct.h">
      <Filter>Libraries\botlib</Filter>
    </ClInclude>
    <ClInclude Include="qcommon\matcomp.h">
      <Filter>QCommon</Filter>
    </ClInclude>
    <ClInclude Include="game\anims.h">
      <Filter>VM Code</Filter>
    </ClInclude>
    <ClInclude Include="game\g_public.h">
      <Filter>VM Code</Filter>
    </ClInclude>
    <ClInclude Include="game\bg_public.h">
      <Filter>VM Code</Filter>
    </ClInclude>
    <ClInclude Include="game\bg_weapons.h">
      <Filter>VM Code</Filter>
    </ClInclude>
    <ClInclude Include="cgame\cg_public.h">
      <Filter>VM Code</Filter>
    </ClInclude>
    <ClInclude Include="ui\keycodes.h">
      <Filter>VM Code</Filter>
    </ClInclude>
    <ClInclude Include="zlib\ioapi.h">
      <Filter>Libraries\zlib</Filter>
    </ClInclude>
    <ClInclude Include="renderer\mdx_format.h">
      <Filter>Client</Filter>
    </ClInclude>
    <ClInclude Include="server\NPCNav\navigator.h">
      <Filter>Server\NPCNav</Filter>
    </ClInclude>
    <ClInclude Include="qcommon\MiniHeap.h">
      <Filter>QCommon</Filter>
    </ClInclude>
    <ClInclude Include="qcommon\platform.h">
      <Filter>QCommon</Filter>
    </ClInclude>
    <ClInclude Include="icarus\Q3_Registers.h">
      <Filter>Libraries\ICARUS</Filter>
    </ClInclude>
    <ClInclude Include="icarus\Q3_Interface.h">
      <Filter>Libraries\ICARUS</Filter>
    </ClInclude>
    <ClInclude Include="Ratl\ratl_common.h">
      <Filter>Libraries\Ratl</Filter>
    </ClInclude>
    <ClInclude Include="RMG\RM_Terrain.h">
      <Filter>RMG</Filter>
    </ClInclude>
    <ClInclude Include="RMG\RM_Area.h">
      <Filter>RMG</Filter>
    </ClInclude>
    <ClInclude Include="RMG\RM_Headers.h">
      <Filter>RMG</Filter>
    </ClInclude>
    <ClInclude Include="RMG\RM_Instance.h">
      <Filter>RMG</Filter>
    </ClInclude>
    <ClInclude Include="RMG\RM_Instance_BSP.h">
      <Filter>RMG</Filter>
    </ClInclude>
    <ClInclude Include="RMG\RM_Instance_Group.h">
      <Filter>RMG</Filter>
    </ClInclude>
    <ClInclude Include="RMG\RM_Instance_Random.h">
      <Filter>RMG</Filter>
    </ClInclude>
    <ClInclude Include="RMG\RM_Instance_Void.h">
      <Filter>RMG</Filter>
    </ClInclude>
    <ClInclude Include="RMG\RM_InstanceFile.h">
      <Filter>RMG</Filter>
    </ClInclude>
    <ClInclude Include="RMG\RM_Manager.h">
      <Filter>RMG</Filter>
    </ClInclude>
    <ClInclude Include="RMG\RM_Mission.h">
      <Filter>RMG</Filter>
    </ClInclude>
    <ClInclude Include="RMG\RM_Objective.h">
      <Filter>RMG</Filter>
    </ClInclude>
    <ClInclude Include="RMG\RM_Path.h">
      <Filter>RMG</Filter>
    </ClInclude>
    <ClInclude Include="win32\resource.h">
      <Filter>win32</Filter>
    </ClInclude>
    <ClInclude Include="qcommon\qfiles.h">
      <Filter>QCommon</Filter>
    </ClInclude>
    <ClInclude Include="qcommon\q_shared.h">
      <Filter>QCommon</Filter>
    </ClInclude>
    <ClInclude Include="qcommon\qcommon.h">
      <Filter>QCommon</Filter>
    </ClInclude>
    <ClInclude Include="qcommon\RoffSystem.h">
      <Filter>QCommon</Filter>
    </ClInclude>
    <ClInclude Include="server\server.h">
      <Filter>Server</Filter>
    </ClInclude>
    <ClInclude Include="icarus\sequencer.h">
      <Filter>Libraries\ICARUS</Filter>
    </ClInclude>
    <ClInclude Include="icarus\sequence.h">
      <Filter>Libraries\ICARUS</Filter>
    </ClInclude>
    <ClInclude Include="client\snd_public.h">
      <Filter>Client</Filter>
    </ClInclude>
    <ClInclude Include="client\snd_ambient.h">
      <Filter>Client</Filter>
    </ClInclude>
    <ClInclude Include="client\snd_local.h">
      <Filter>Client</Filter>
    </ClInclude>
    <ClInclude Include="client\snd_mp3.h">
      <Filter>Client</Filter>
    </ClInclude>
    <ClInclude Include="client\snd_music.h">
      <Filter>Client</Filter>
    </ClInclude>
    <ClInclude Include="qcommon\sstring.h">
      <Filter>QCommon</Filter>
    </ClInclude>
    <ClInclude Include="qcommon\stringed_interface.h">
      <Filter>QCommon</Filter>
    </ClInclude>
    <ClInclude Include="qcommon\stringed_ingame.h">
      <Filter>QCommon</Filter>
    </ClInclude>
    <ClInclude Include="game\surfaceflags.h">
      <Filter>VM Code</Filter>
    </ClInclude>
    <ClInclude Include="qcommon\tags.h">
      <Filter>QCommon</Filter>
    </ClInclude>
    <ClInclude Include="qcommon\timing.h">
      <Filter>QCommon</Filter>
    </ClInclude>
    <ClInclude Include="renderer\tr_public.h">
      <Filter>Client</Filter>
    </ClInclude>
    <ClInclude Include="cgame\tr_types.h">
      <Filter>Client</Filter>
    </ClInclude>
    <ClInclude Include="zlib\trees.h">
      <Filter>Libraries\zlib</Filter>
    </ClInclude>
    <ClInclude Include="ui\ui_public.h">
      <Filter>VM Code</Filter>
    </ClInclude>
    <ClInclude Include="Ratl\vector_vs.h">
      <Filter>Libraries\Ratl</Filter>
    </ClInclude>
    <ClInclude Include="win32\win_local.h">
      <Filter>win32</Filter>
    </ClInclude>
    <ClInclude Include="zlib\zconf.h">
      <Filter>Libraries\zlib</Filter>
    </ClInclude>
    <ClInclude Include="zlib\zutil.h">
      <Filter>Libraries\zlib</Filter>
    </ClInclude>
    <ClInclude Include="zlib\zlib.h">
      <Filter>Libraries\zlib</Filter>
    </ClInclude>
    <ClInclude Include="icarus\tokenizer.h">
      <Filter>Libraries\ICARUS</Filter>
    </ClInclude>
    <ClInclude Include="icarus\taskmanager.h">
      <Filter>Libraries\ICARUS</Filter>
    </ClInclude>
    <ClInclude Include="qcommon\unzip.h">
      <Filter>QCommon</Filter>
    </ClInclude>
    <ClInclude Include="qcommon\vm_local.h">
      <Filter>QCommon</Filter>
    </ClInclude>
    <ClInclude Include="libraries\mp3code\config.h">
      <Filter>Libraries\mp3code</Filter>
    </ClInclude>
    <ClInclude Include="libraries\mp3code\htable.h">
      <Filter>Libraries\mp3code</Filter>
    </ClInclude>
    <ClInclude Include="libraries\mp3code\jdw.h">
      <Filter>Libraries\mp3code</Filter>
    </ClInclude>
    <ClInclude Include="libraries\mp3code\l3.h">
      <Filter>Libraries\mp3code</Filter>
    </ClInclude>
    <ClInclude Include="libraries\mp3code\mhead.h">
      <Filter>Libraries\mp3code</Filter>
    </ClInclude>
    <ClInclude Include="libraries\mp3code\mp3struct.h">
      <Filter>Libraries\mp3code</Filter>
    </ClInclude>
    <ClInclude Include="libraries\mp3code\port.h">
      <Filter>Libraries\mp3code</Filter>
    </ClInclude>
    <ClInclude Include="libraries\mp3code\small_header.h">
      <Filter>Libraries\mp3code</Filter>
    </ClInclude>
    <ClInclude Include="libraries\mp3code\tableawd.h">
      <Filter>Libraries\mp3code</Filter>
    </ClInclude>
  </ItemGroup>
  <ItemGroup>
    <None Include="win32\icon.ico">
      <Filter>win32</Filter>
    </None>
  </ItemGroup>
  <ItemGroup>
    <Filter Include="Libraries">
      <UniqueIdentifier>{9f11daa1-95ea-444b-b2dc-f45593ed25da}</UniqueIdentifier>
    </Filter>
    <Filter Include="Libraries\botlib">
      <UniqueIdentifier>{80a66b7e-f835-4e88-9244-932253f34a39}</UniqueIdentifier>
    </Filter>
    <Filter Include="Libraries\zlib">
      <UniqueIdentifier>{043ce01c-49db-46c3-a547-04b297671353}</UniqueIdentifier>
    </Filter>
    <Filter Include="Libraries\OpenAL">
      <UniqueIdentifier>{c6c680df-8f12-4a33-bb34-0c186c794005}</UniqueIdentifier>
    </Filter>
    <Filter Include="Libraries\ICARUS">
      <UniqueIdentifier>{cc7222e4-8b78-40b1-8a09-5426138c3aed}</UniqueIdentifier>
    </Filter>
    <Filter Include="Libraries\Ratl">
      <UniqueIdentifier>{0b73ad43-e9e1-4702-a66c-1655810cd53d}</UniqueIdentifier>
    </Filter>
    <Filter Include="Client">
      <UniqueIdentifier>{6cc19c50-e3cb-4cb4-9680-4d9fb5edc300}</UniqueIdentifier>
    </Filter>
    <Filter Include="QCommon">
      <UniqueIdentifier>{2dcd2dcb-4e7b-48e7-8354-707ad15b1c59}</UniqueIdentifier>
    </Filter>
    <Filter Include="Libraries\Ravl">
      <UniqueIdentifier>{b8cc46fe-55ea-44ac-9571-8a9d7a487656}</UniqueIdentifier>
    </Filter>
    <Filter Include="Libraries\EAX">
      <UniqueIdentifier>{57dddb54-9466-439b-a21c-6f61de9395a8}</UniqueIdentifier>
    </Filter>
    <Filter Include="FX">
      <UniqueIdentifier>{a41a2ad1-bb4a-4469-b1c2-384758819585}</UniqueIdentifier>
    </Filter>
    <Filter Include="Libraries\GHOUL2">
      <UniqueIdentifier>{3e41fa07-abde-4b94-afb2-c368b5dc9ec2}</UniqueIdentifier>
    </Filter>
    <Filter Include="Server">
      <UniqueIdentifier>{fae7e2d0-7d30-408c-bfb6-128e85aeca9b}</UniqueIdentifier>
    </Filter>
    <Filter Include="Server\NPCNav">
      <UniqueIdentifier>{d4303405-2f54-46a7-b0af-91981bc87ea1}</UniqueIdentifier>
    </Filter>
    <Filter Include="win32">
      <UniqueIdentifier>{d0eb9b30-beb1-4632-a391-d12b8d2afd62}</UniqueIdentifier>
    </Filter>
    <Filter Include="VM Code">
      <UniqueIdentifier>{2a899d17-e388-4860-b126-182819b3659a}</UniqueIdentifier>
    </Filter>
    <Filter Include="RMG">
      <UniqueIdentifier>{a1d3bc75-d193-47f5-a677-646cac1ce6cf}</UniqueIdentifier>
    </Filter>
    <Filter Include="Sys">
      <UniqueIdentifier>{7fad90d8-f46f-4838-9599-00e6f9b532b3}</UniqueIdentifier>
    </Filter>
    <Filter Include="Libraries\mp3code">
      <UniqueIdentifier>{1ba65e7b-8775-4571-8a9d-85411d9ce9a4}</UniqueIdentifier>
    </Filter>
  </ItemGroup>
  <ItemGroup>
    <ResourceCompile Include="win32\openjk.rc">
      <Filter>win32</Filter>
    </ResourceCompile>
  </ItemGroup>
</Project>