<?xml version="1.0" encoding="utf-8"?>
<Project ToolsVersion="4.0" xmlns="http://schemas.microsoft.com/developer/msbuild/2003">
  <ItemGroup>
    <Filter Include="Source Files">
      <UniqueIdentifier>{ec63ea36-fd27-417b-a918-7a41ff14dfc7}</UniqueIdentifier>
      <Extensions>c</Extensions>
    </Filter>
    <Filter Include="Header Files">
      <UniqueIdentifier>{d8ca0248-3bc4-46ce-9d9a-83692c553519}</UniqueIdentifier>
      <Extensions>h</Extensions>
    </Filter>
    <Filter Include="win32">
      <UniqueIdentifier>{c97d649b-793a-4a7d-a863-5d1a69bfebdc}</UniqueIdentifier>
    </Filter>
    <Filter Include="Libraries">
      <UniqueIdentifier>{4fe43ad3-9395-4de8-9a1c-83f80850c623}</UniqueIdentifier>
    </Filter>
    <Filter Include="Libraries\Detours">
      <UniqueIdentifier>{7a7c1e24-dfd8-4f74-996d-e2cc6b6b93ee}</UniqueIdentifier>
    </Filter>
    <Filter Include="Libraries\Recast">
      <UniqueIdentifier>{73c8fcbe-84bd-4411-8c1c-9b03008b9143}</UniqueIdentifier>
    </Filter>
    <Filter Include="Libraries\Encoding">
      <UniqueIdentifier>{bf723b43-df40-4b8e-8fe4-3380645415b6}</UniqueIdentifier>
    </Filter>
    <Filter Include="Libraries\JSON">
      <UniqueIdentifier>{cfcc415b-c79d-46a8-a8c7-f12ad81d4fab}</UniqueIdentifier>
    </Filter>
  </ItemGroup>
  <ItemGroup>
    <ClCompile Include="..\libraries\RDDebugUtils\Source\DebugDraw.cpp">
      <Filter>Libraries\Detours</Filter>
    </ClCompile>
    <ClCompile Include="..\libraries\DetourTileCache\DetourTileCacheBuilder.cpp">
      <Filter>Libraries\Detours</Filter>
    </ClCompile>
    <ClCompile Include="..\libraries\Detour\Source\DetourAlloc.cpp">
      <Filter>Libraries\Detours</Filter>
    </ClCompile>
    <ClCompile Include="..\libraries\Detour\Source\DetourCommon.cpp">
      <Filter>Libraries\Detours</Filter>
    </ClCompile>
    <ClCompile Include="..\libraries\RDDebugUtils\Source\DetourDebugDraw.cpp">
      <Filter>Libraries\Detours</Filter>
    </ClCompile>
    <ClCompile Include="..\libraries\Detour\Source\DetourNavMesh.cpp">
      <Filter>Libraries\Detours</Filter>
    </ClCompile>
    <ClCompile Include="..\libraries\Detour\Source\DetourNavMeshBuilder.cpp">
      <Filter>Libraries\Detours</Filter>
    </ClCompile>
    <ClCompile Include="..\libraries\Detour\Source\DetourNavMeshQuery.cpp">
      <Filter>Libraries\Detours</Filter>
    </ClCompile>
    <ClCompile Include="..\libraries\Detour\Source\DetourNode.cpp">
      <Filter>Libraries\Detours</Filter>
    </ClCompile>
    <ClCompile Include="..\libraries\Recast\Source\Recast.cpp">
      <Filter>Libraries\Recast</Filter>
    </ClCompile>
    <ClCompile Include="..\libraries\Recast\Source\RecastRegion.cpp">
      <Filter>Libraries\Recast</Filter>
    </ClCompile>
    <ClCompile Include="..\libraries\Recast\Source\RecastAlloc.cpp">
      <Filter>Libraries\Recast</Filter>
    </ClCompile>
    <ClCompile Include="..\libraries\Recast\Source\RecastArea.cpp">
      <Filter>Libraries\Recast</Filter>
    </ClCompile>
    <ClCompile Include="..\libraries\Recast\Source\RecastContour.cpp">
      <Filter>Libraries\Recast</Filter>
    </ClCompile>
    <ClCompile Include="..\libraries\RDDebugUtils\Source\RecastDebugDraw.cpp">
      <Filter>Libraries\Recast</Filter>
    </ClCompile>
    <ClCompile Include="..\libraries\RDDebugUtils\Source\RecastDump.cpp">
      <Filter>Libraries\Recast</Filter>
    </ClCompile>
    <ClCompile Include="..\libraries\Recast\Source\RecastFilter.cpp">
      <Filter>Libraries\Recast</Filter>
    </ClCompile>
    <ClCompile Include="..\libraries\Recast\Source\RecastLayers.cpp">
      <Filter>Libraries\Recast</Filter>
    </ClCompile>
    <ClCompile Include="..\libraries\Recast\Source\RecastMesh.cpp">
      <Filter>Libraries\Recast</Filter>
    </ClCompile>
    <ClCompile Include="..\libraries\Recast\Source\RecastMeshDetail.cpp">
      <Filter>Libraries\Recast</Filter>
    </ClCompile>
    <ClCompile Include="..\libraries\Recast\Source\RecastRasterization.cpp">
      <Filter>Libraries\Recast</Filter>
    </ClCompile>
    <ClCompile Include="..\libraries\encoding\bitstream.c">
      <Filter>Libraries\Encoding</Filter>
    </ClCompile>
    <ClCompile Include="..\libraries\json\cJSON.c">
      <Filter>Libraries\JSON</Filter>
    </ClCompile>
    <ClCompile Include="..\libraries\encoding\base128.cpp">
      <Filter>Libraries\Encoding</Filter>
    </ClCompile>
    <ClCompile Include="..\game\animtable.cpp">
      <Filter>Source Files</Filter>
    </ClCompile>
    <ClCompile Include="..\ui\ui_shared.cpp">
      <Filter>Source Files</Filter>
    </ClCompile>
    <ClCompile Include="..\game\bg_ammo.cpp">
      <Filter>Source Files</Filter>
    </ClCompile>
    <ClCompile Include="..\game\bg_constants.cpp">
      <Filter>Source Files</Filter>
    </ClCompile>
    <ClCompile Include="..\game\bg_g2_utils.cpp">
      <Filter>Source Files</Filter>
    </ClCompile>
    <ClCompile Include="..\game\bg_items.cpp">
      <Filter>Source Files</Filter>
    </ClCompile>
    <ClCompile Include="..\game\bg_misc.cpp">
      <Filter>Source Files</Filter>
    </ClCompile>
    <ClCompile Include="..\game\bg_panimate.cpp">
      <Filter>Source Files</Filter>
    </ClCompile>
    <ClCompile Include="..\game\bg_pmove.cpp">
      <Filter>Source Files</Filter>
    </ClCompile>
    <ClCompile Include="..\game\bg_saber.cpp">
      <Filter>Source Files</Filter>
    </ClCompile>
    <ClCompile Include="..\game\bg_saberLoad.cpp">
      <Filter>Source Files</Filter>
    </ClCompile>
    <ClCompile Include="..\game\bg_slidemove.cpp">
      <Filter>Source Files</Filter>
    </ClCompile>
    <ClCompile Include="..\game\bg_vehicleLoad.cpp">
      <Filter>Source Files</Filter>
    </ClCompile>
    <ClCompile Include="..\game\bg_vmove.cpp">
      <Filter>Source Files</Filter>
    </ClCompile>
    <ClCompile Include="..\game\bg_weapons.cpp">
      <Filter>Source Files</Filter>
    </ClCompile>
    <ClCompile Include="..\game\bg_weapons_load.cpp">
      <Filter>Source Files</Filter>
    </ClCompile>
    <ClCompile Include="cg_cinematics.cpp">
      <Filter>Source Files</Filter>
    </ClCompile>
    <ClCompile Include="cg_consolecmds.cpp">
      <Filter>Source Files</Filter>
    </ClCompile>
    <ClCompile Include="cg_crossover.cpp">
      <Filter>Source Files</Filter>
    </ClCompile>
    <ClCompile Include="cg_draw.cpp">
      <Filter>Source Files</Filter>
    </ClCompile>
    <ClCompile Include="cg_drawtools.cpp">
      <Filter>Source Files</Filter>
    </ClCompile>
    <ClCompile Include="cg_effects.cpp">
      <Filter>Source Files</Filter>
    </ClCompile>
    <ClCompile Include="cg_ents.cpp">
      <Filter>Source Files</Filter>
    </ClCompile>
    <ClCompile Include="cg_event.cpp">
      <Filter>Source Files</Filter>
    </ClCompile>
    <ClCompile Include="cg_info.cpp">
      <Filter>Source Files</Filter>
    </ClCompile>
    <ClCompile Include="cg_light.cpp">
      <Filter>Source Files</Filter>
    </ClCompile>
    <ClCompile Include="cg_localents.cpp">
      <Filter>Source Files</Filter>
    </ClCompile>
    <ClCompile Include="cg_main.cpp">
      <Filter>Source Files</Filter>
    </ClCompile>
    <ClCompile Include="cg_marks.cpp">
      <Filter>Source Files</Filter>
    </ClCompile>
    <ClCompile Include="cg_newDraw.cpp">
      <Filter>Source Files</Filter>
    </ClCompile>
    <ClCompile Include="cg_players.cpp">
      <Filter>Source Files</Filter>
    </ClCompile>
    <ClCompile Include="cg_playerstate.cpp">
      <Filter>Source Files</Filter>
    </ClCompile>
    <ClCompile Include="cg_predict.cpp">
      <Filter>Source Files</Filter>
    </ClCompile>
    <ClCompile Include="cg_scoreboard.cpp">
      <Filter>Source Files</Filter>
    </ClCompile>
    <ClCompile Include="cg_servercmds.cpp">
      <Filter>Source Files</Filter>
    </ClCompile>
    <ClCompile Include="cg_snapshot.cpp">
      <Filter>Source Files</Filter>
    </ClCompile>
    <ClCompile Include="cg_strap.cpp">
      <Filter>Source Files</Filter>
    </ClCompile>
    <ClCompile Include="cg_syscalls.cpp">
      <Filter>Source Files</Filter>
    </ClCompile>
    <ClCompile Include="cg_turret.cpp">
      <Filter>Source Files</Filter>
    </ClCompile>
    <ClCompile Include="cg_view.cpp">
      <Filter>Source Files</Filter>
    </ClCompile>
    <ClCompile Include="cg_weaponinit.cpp">
      <Filter>Source Files</Filter>
    </ClCompile>
    <ClCompile Include="cg_weapons.cpp">
      <Filter>Source Files</Filter>
    </ClCompile>
    <ClCompile Include="fx_blaster.cpp">
      <Filter>Source Files</Filter>
    </ClCompile>
    <ClCompile Include="fx_bowcaster.cpp">
      <Filter>Source Files</Filter>
    </ClCompile>
    <ClCompile Include="fx_bryarpistol.cpp">
      <Filter>Source Files</Filter>
    </ClCompile>
    <ClCompile Include="fx_demp2.cpp">
      <Filter>Source Files</Filter>
    </ClCompile>
    <ClCompile Include="fx_disruptor.cpp">
      <Filter>Source Files</Filter>
    </ClCompile>
    <ClCompile Include="fx_flechette.cpp">
      <Filter>Source Files</Filter>
    </ClCompile>
    <ClCompile Include="fx_force.cpp">
      <Filter>Source Files</Filter>
    </ClCompile>
    <ClCompile Include="fx_heavyrepeater.cpp">
      <Filter>Source Files</Filter>
    </ClCompile>
    <ClCompile Include="fx_rocketlauncher.cpp">
      <Filter>Source Files</Filter>
    </ClCompile>
    <ClCompile Include="jkg_autowaypoint.cpp">
      <Filter>Source Files</Filter>
    </ClCompile>
    <ClCompile Include="jkg_cg_damagetypes.cpp">
      <Filter>Source Files</Filter>
    </ClCompile>
    <ClCompile Include="jkg_cg_items.cpp">
      <Filter>Source Files</Filter>
    </ClCompile>
    <ClCompile Include="jkg_cg_weaponholster.cpp">
      <Filter>Source Files</Filter>
    </ClCompile>
    <ClCompile Include="jkg_chatbox.cpp">
      <Filter>Source Files</Filter>
    </ClCompile>
    <ClCompile Include="jkg_chatcmds.cpp">
      <Filter>Source Files</Filter>
    </ClCompile>
    <ClCompile Include="jkg_cinbuild.cpp">
      <Filter>Source Files</Filter>
    </ClCompile>
    <ClCompile Include="jkg_custombounds.cpp">
      <Filter>Source Files</Filter>
    </ClCompile>
    <ClCompile Include="..\game\jkg_gangwars.cpp">
      <Filter>Source Files</Filter>
    </ClCompile>
    <ClCompile Include="jkg_hud.cpp">
      <Filter>Source Files</Filter>
    </ClCompile>
    <ClCompile Include="jkg_minimaps.cpp">
      <Filter>Source Files</Filter>
    </ClCompile>
    <ClCompile Include="jkg_navmesh_visualiser.cpp">
      <Filter>Source Files</Filter>
    </ClCompile>
    <ClCompile Include="jkg_splinepaths.cpp">
      <Filter>Source Files</Filter>
    </ClCompile>
    <ClCompile Include="jkg_wpindicators.cpp">
      <Filter>Source Files</Filter>
    </ClCompile>
    <ClCompile Include="..\game\NPC_Animal.cpp">
      <Filter>Source Files</Filter>
    </ClCompile>
    <ClCompile Include="..\game\NPC_Fighter.cpp">
      <Filter>Source Files</Filter>
    </ClCompile>
    <ClCompile Include="..\game\NPC_Speeder.cpp">
      <Filter>Source Files</Filter>
    </ClCompile>
    <ClCompile Include="..\game\NPC_Walker.cpp">
      <Filter>Source Files</Filter>
    </ClCompile>
    <ClCompile Include="..\qcommon\q_math.c">
      <Filter>Source Files</Filter>
    </ClCompile>
    <ClCompile Include="..\qcommon\q_shared.c">
      <Filter>Source Files</Filter>
    </ClCompile>
  </ItemGroup>
  <ItemGroup>
    <ClInclude Include="..\game\anims.h">
      <Filter>Header Files</Filter>
    </ClInclude>
    <ClInclude Include="animtable.h">
      <Filter>Header Files</Filter>
    </ClInclude>
    <ClInclude Include="..\game\bg_local.h">
      <Filter>Header Files</Filter>
    </ClInclude>
    <ClInclude Include="..\game\bg_public.h">
      <Filter>Header Files</Filter>
    </ClInclude>
    <ClInclude Include="..\game\bg_strap.h">
      <Filter>Header Files</Filter>
    </ClInclude>
    <ClInclude Include="..\game\bg_weapons.h">
      <Filter>Header Files</Filter>
    </ClInclude>
    <ClInclude Include="cg_lights.h">
      <Filter>Header Files</Filter>
    </ClInclude>
    <ClInclude Include="cg_local.h">
      <Filter>Header Files</Filter>
    </ClInclude>
    <ClInclude Include="cg_public.h">
      <Filter>Header Files</Filter>
    </ClInclude>
    <ClInclude Include="fx_local.h">
      <Filter>Header Files</Filter>
    </ClInclude>
    <ClInclude Include="holocronicons.h">
      <Filter>Header Files</Filter>
    </ClInclude>
    <ClInclude Include="..\ui\keycodes.h">
      <Filter>Header Files</Filter>
    </ClInclude>
    <ClInclude Include="..\game\surfaceflags.h">
      <Filter>Header Files</Filter>
    </ClInclude>
    <ClInclude Include="..\ui\ui_shared.h">
      <Filter>Header Files</Filter>
    </ClInclude>
    <ClInclude Include="..\qcommon\q_shared.h">
      <Filter>Header Files</Filter>
    </ClInclude>
    <ClInclude Include="..\qcommon\tags.h">
      <Filter>Header Files</Filter>
    </ClInclude>
    <ClInclude Include="..\client\FxScheduler.h">
      <Filter>Header Files</Filter>
    </ClInclude>
    <ClInclude Include="..\libraries\DetourTileCache\DetourTileCacheBuilder.h">
      <Filter>Header Files</Filter>
    </ClInclude>
    <ClInclude Include="..\libraries\Detour\Include\DetourAlloc.h">
      <Filter>Header Files</Filter>
    </ClInclude>
    <ClInclude Include="..\libraries\Detour\Include\DetourAssert.h">
      <Filter>Header Files</Filter>
    </ClInclude>
    <ClInclude Include="..\libraries\Detour\Include\DetourCommon.h">
      <Filter>Header Files</Filter>
    </ClInclude>
    <ClInclude Include="..\libraries\Detour\Include\DetourNavMesh.h">
      <Filter>Header Files</Filter>
    </ClInclude>
    <ClInclude Include="..\libraries\Detour\Include\DetourNavMeshBuilder.h">
      <Filter>Header Files</Filter>
    </ClInclude>
    <ClInclude Include="..\libraries\Detour\Include\DetourNavMeshQuery.h">
      <Filter>Header Files</Filter>
    </ClInclude>
    <ClInclude Include="..\libraries\Detour\Include\DetourNode.h">
      <Filter>Header Files</Filter>
    </ClInclude>
    <ClInclude Include="..\libraries\Detour\Include\DetourStatus.h">
      <Filter>Header Files</Filter>
    </ClInclude>
    <ClInclude Include="..\renderer\tr_types.h">
      <Filter>Header Files</Filter>
    </ClInclude>
    <ClInclude Include="..\game\bg_ammo.h">
      <Filter>Header Files</Filter>
    </ClInclude>
    <ClInclude Include="..\game\bg_items.h">
      <Filter>Header Files</Filter>
    </ClInclude>
    <ClInclude Include="cg_weapons.h">
      <Filter>Header Files</Filter>
    </ClInclude>
    <ClInclude Include="..\shared\qcommon\disablewarnings.h">
      <Filter>Header Files</Filter>
    </ClInclude>
    <ClInclude Include="..\shared\ghoul2\G2.h">
      <Filter>Header Files</Filter>
    </ClInclude>
    <ClInclude Include="jkg_cg_auxlib.h">
      <Filter>Header Files</Filter>
    </ClInclude>
    <ClInclude Include="jkg_cg_damagetypes.h">
      <Filter>Header Files</Filter>
    </ClInclude>
    <ClInclude Include="jkg_cg_items.h">
      <Filter>Header Files</Filter>
    </ClInclude>
    <ClInclude Include="jkg_chatcmds.h">
      <Filter>Header Files</Filter>
    </ClInclude>
    <ClInclude Include="jkg_eshader.h">
      <Filter>Header Files</Filter>
    </ClInclude>
    <ClInclude Include="..\game\jkg_gangwars.h">
      <Filter>Header Files</Filter>
    </ClInclude>
    <ClInclude Include="jkg_hud.h">
      <Filter>Header Files</Filter>
    </ClInclude>
    <ClInclude Include="jkg_navmesh_visualiser.h">
      <Filter>Header Files</Filter>
    </ClInclude>
    <ClInclude Include="jkg_patcher.h">
      <Filter>Header Files</Filter>
    </ClInclude>
    <ClInclude Include="..\..\JKGalaxies\ui\menudef.h">
      <Filter>Header Files</Filter>
    </ClInclude>
    <ClInclude Include="..\shared\qcommon\qfiles.h">
      <Filter>Header Files</Filter>
    </ClInclude>
    <ClInclude Include="..\win32\resource.h">
      <Filter>Header Files</Filter>
    </ClInclude>
    <ClInclude Include="..\game\z_global_defines.h">
      <Filter>Header Files</Filter>
    </ClInclude>
    <ClInclude Include="..\libraries\json\cJSON.h">
      <Filter>Header Files</Filter>
    </ClInclude>
    <ClInclude Include="..\libraries\encoding\base128.h">
      <Filter>Header Files</Filter>
    </ClInclude>
    <ClInclude Include="..\libraries\encoding\bitstream.h">
      <Filter>Header Files</Filter>
    </ClInclude>
    <ClInclude Include="..\libraries\Recast\Include\Recast.h">
      <Filter>Header Files</Filter>
    </ClInclude>
    <ClInclude Include="..\libraries\Recast\Include\RecastAlloc.h">
      <Filter>Header Files</Filter>
    </ClInclude>
    <ClInclude Include="..\libraries\Recast\Include\RecastAssert.h">
      <Filter>Header Files</Filter>
    </ClInclude>
    <ClInclude Include="..\libraries\RDDebugUtils\Include\DebugDraw.h">
      <Filter>Header Files</Filter>
    </ClInclude>
    <ClInclude Include="..\libraries\RDDebugUtils\Include\DetourDebugDraw.h">
      <Filter>Header Files</Filter>
    </ClInclude>
    <ClInclude Include="..\libraries\RDDebugUtils\Include\RecastDebugDraw.h">
      <Filter>Header Files</Filter>
    </ClInclude>
    <ClInclude Include="..\libraries\RDDebugUtils\Include\RecastDump.h">
      <Filter>Header Files</Filter>
    </ClInclude>
    <ClInclude Include="cg_xcvar.h">
      <Filter>Header Files</Filter>
    </ClInclude>
  </ItemGroup>
  <ItemGroup>
    <ResourceCompile Include="..\win32\cgame.rc">
      <Filter>win32</Filter>
    </ResourceCompile>
  </ItemGroup>
</Project>